// !$*UTF8*$!
{
	archiveVersion = 1;
	classes = {
	};
	objectVersion = 77;
	objects = {

/* Begin PBXContainerItemProxy section */
		5D2446812C9D2C5700B91070 /* PBXContainerItemProxy */ = {
			isa = PBXContainerItemProxy;
			containerPortal = 5D2446682C9D2C5500B91070 /* Project object */;
			proxyType = 1;
			remoteGlobalIDString = 5D24466F2C9D2C5500B91070;
			remoteInfo = TestingExperiment;
		};
		5D24468B2C9D2C5700B91070 /* PBXContainerItemProxy */ = {
			isa = PBXContainerItemProxy;
			containerPortal = 5D2446682C9D2C5500B91070 /* Project object */;
			proxyType = 1;
			remoteGlobalIDString = 5D24466F2C9D2C5500B91070;
			remoteInfo = TestingExperiment;
		};
/* End PBXContainerItemProxy section */

/* Begin PBXFileReference section */
		5D2446702C9D2C5500B91070 /* TestingExperiment.app */ = {isa = PBXFileReference; explicitFileType = wrapper.application; includeInIndex = 0; path = TestingExperiment.app; sourceTree = BUILT_PRODUCTS_DIR; };
		5D2446802C9D2C5700B91070 /* TestingExperimentTests.xctest */ = {isa = PBXFileReference; explicitFileType = wrapper.cfbundle; includeInIndex = 0; path = TestingExperimentTests.xctest; sourceTree = BUILT_PRODUCTS_DIR; };
		5D24468A2C9D2C5700B91070 /* TestingExperimentUITests.xctest */ = {isa = PBXFileReference; explicitFileType = wrapper.cfbundle; includeInIndex = 0; path = TestingExperimentUITests.xctest; sourceTree = BUILT_PRODUCTS_DIR; };
/* End PBXFileReference section */

/* Begin PBXFileSystemSynchronizedRootGroup section */
		5D2446722C9D2C5500B91070 /* TestingExperiment */ = {
			isa = PBXFileSystemSynchronizedRootGroup;
			path = TestingExperiment;
			sourceTree = "<group>";
		};
		5D2446832C9D2C5700B91070 /* TestingExperimentTests */ = {
			isa = PBXFileSystemSynchronizedRootGroup;
			path = TestingExperimentTests;
			sourceTree = "<group>";
		};
		5D24468D2C9D2C5700B91070 /* TestingExperimentUITests */ = {
			isa = PBXFileSystemSynchronizedRootGroup;
			path = TestingExperimentUITests;
			sourceTree = "<group>";
		};
/* End PBXFileSystemSynchronizedRootGroup section */

/* Begin PBXFrameworksBuildPhase section */
		5D24466D2C9D2C5500B91070 /* Frameworks */ = {
			isa = PBXFrameworksBuildPhase;
			buildActionMask = 2147483647;
			files = (
			);
			runOnlyForDeploymentPostprocessing = 0;
		};
		5D24467D2C9D2C5700B91070 /* Frameworks */ = {
			isa = PBXFrameworksBuildPhase;
			buildActionMask = 2147483647;
			files = (
			);
			runOnlyForDeploymentPostprocessing = 0;
		};
		5D2446872C9D2C5700B91070 /* Frameworks */ = {
			isa = PBXFrameworksBuildPhase;
			buildActionMask = 2147483647;
			files = (
			);
			runOnlyForDeploymentPostprocessing = 0;
		};
/* End PBXFrameworksBuildPhase section */

/* Begin PBXGroup section */
		5D2446672C9D2C5500B91070 = {
			isa = PBXGroup;
			children = (
				5D2446722C9D2C5500B91070 /* TestingExperiment */,
				5D2446832C9D2C5700B91070 /* TestingExperimentTests */,
				5D24468D2C9D2C5700B91070 /* TestingExperimentUITests */,
				5D2446712C9D2C5500B91070 /* Products */,
			);
			sourceTree = "<group>";
		};
		5D2446712C9D2C5500B91070 /* Products */ = {
			isa = PBXGroup;
			children = (
				5D2446702C9D2C5500B91070 /* TestingExperiment.app */,
				5D2446802C9D2C5700B91070 /* TestingExperimentTests.xctest */,
				5D24468A2C9D2C5700B91070 /* TestingExperimentUITests.xctest */,
			);
			name = Products;
			sourceTree = "<group>";
		};
/* End PBXGroup section */

/* Begin PBXNativeTarget section */
		5D24466F2C9D2C5500B91070 /* TestingExperiment */ = {
			isa = PBXNativeTarget;
			buildConfigurationList = 5D2446942C9D2C5700B91070 /* Build configuration list for PBXNativeTarget "TestingExperiment" */;
			buildPhases = (
				5D24466C2C9D2C5500B91070 /* Sources */,
				5D24466D2C9D2C5500B91070 /* Frameworks */,
				5D24466E2C9D2C5500B91070 /* Resources */,
			);
			buildRules = (
			);
			dependencies = (
			);
			fileSystemSynchronizedGroups = (
				5D2446722C9D2C5500B91070 /* TestingExperiment */,
			);
			name = TestingExperiment;
			packageProductDependencies = (
			);
			productName = TestingExperiment;
			productReference = 5D2446702C9D2C5500B91070 /* TestingExperiment.app */;
			productType = "com.apple.product-type.application";
		};
		5D24467F2C9D2C5700B91070 /* TestingExperimentTests */ = {
			isa = PBXNativeTarget;
			buildConfigurationList = 5D2446972C9D2C5700B91070 /* Build configuration list for PBXNativeTarget "TestingExperimentTests" */;
			buildPhases = (
				5D24467C2C9D2C5700B91070 /* Sources */,
				5D24467D2C9D2C5700B91070 /* Frameworks */,
				5D24467E2C9D2C5700B91070 /* Resources */,
			);
			buildRules = (
			);
			dependencies = (
				5D2446822C9D2C5700B91070 /* PBXTargetDependency */,
			);
			fileSystemSynchronizedGroups = (
				5D2446832C9D2C5700B91070 /* TestingExperimentTests */,
			);
			name = TestingExperimentTests;
			packageProductDependencies = (
			);
			productName = TestingExperimentTests;
			productReference = 5D2446802C9D2C5700B91070 /* TestingExperimentTests.xctest */;
			productType = "com.apple.product-type.bundle.unit-test";
		};
		5D2446892C9D2C5700B91070 /* TestingExperimentUITests */ = {
			isa = PBXNativeTarget;
			buildConfigurationList = 5D24469A2C9D2C5700B91070 /* Build configuration list for PBXNativeTarget "TestingExperimentUITests" */;
			buildPhases = (
				5D2446862C9D2C5700B91070 /* Sources */,
				5D2446872C9D2C5700B91070 /* Frameworks */,
				5D2446882C9D2C5700B91070 /* Resources */,
			);
			buildRules = (
			);
			dependencies = (
				5D24468C2C9D2C5700B91070 /* PBXTargetDependency */,
			);
			fileSystemSynchronizedGroups = (
				5D24468D2C9D2C5700B91070 /* TestingExperimentUITests */,
			);
			name = TestingExperimentUITests;
			packageProductDependencies = (
			);
			productName = TestingExperimentUITests;
			productReference = 5D24468A2C9D2C5700B91070 /* TestingExperimentUITests.xctest */;
			productType = "com.apple.product-type.bundle.ui-testing";
		};
/* End PBXNativeTarget section */

/* Begin PBXProject section */
		5D2446682C9D2C5500B91070 /* Project object */ = {
			isa = PBXProject;
			attributes = {
				BuildIndependentTargetsInParallel = 1;
				LastSwiftUpdateCheck = 1600;
				LastUpgradeCheck = 1600;
				TargetAttributes = {
					5D24466F2C9D2C5500B91070 = {
						CreatedOnToolsVersion = 16.0;
					};
					5D24467F2C9D2C5700B91070 = {
						CreatedOnToolsVersion = 16.0;
						TestTargetID = 5D24466F2C9D2C5500B91070;
					};
					5D2446892C9D2C5700B91070 = {
						CreatedOnToolsVersion = 16.0;
						TestTargetID = 5D24466F2C9D2C5500B91070;
					};
				};
			};
			buildConfigurationList = 5D24466B2C9D2C5500B91070 /* Build configuration list for PBXProject "TestingExperiment" */;
			developmentRegion = en;
			hasScannedForEncodings = 0;
			knownRegions = (
				en,
				Base,
			);
			mainGroup = 5D2446672C9D2C5500B91070;
			minimizedProjectReferenceProxies = 1;
			preferredProjectObjectVersion = 77;
			productRefGroup = 5D2446712C9D2C5500B91070 /* Products */;
			projectDirPath = "";
			projectRoot = "";
			targets = (
				5D24466F2C9D2C5500B91070 /* TestingExperiment */,
				5D24467F2C9D2C5700B91070 /* TestingExperimentTests */,
				5D2446892C9D2C5700B91070 /* TestingExperimentUITests */,
			);
		};
/* End PBXProject section */

/* Begin PBXResourcesBuildPhase section */
		5D24466E2C9D2C5500B91070 /* Resources */ = {
			isa = PBXResourcesBuildPhase;
			buildActionMask = 2147483647;
			files = (
			);
			runOnlyForDeploymentPostprocessing = 0;
		};
		5D24467E2C9D2C5700B91070 /* Resources */ = {
			isa = PBXResourcesBuildPhase;
			buildActionMask = 2147483647;
			files = (
			);
			runOnlyForDeploymentPostprocessing = 0;
		};
		5D2446882C9D2C5700B91070 /* Resources */ = {
			isa = PBXResourcesBuildPhase;
			buildActionMask = 2147483647;
			files = (
			);
			runOnlyForDeploymentPostprocessing = 0;
		};
/* End PBXResourcesBuildPhase section */

/* Begin PBXSourcesBuildPhase section */
		5D24466C2C9D2C5500B91070 /* Sources */ = {
			isa = PBXSourcesBuildPhase;
			buildActionMask = 2147483647;
			files = (
			);
			runOnlyForDeploymentPostprocessing = 0;
		};
		5D24467C2C9D2C5700B91070 /* Sources */ = {
			isa = PBXSourcesBuildPhase;
			buildActionMask = 2147483647;
			files = (
			);
			runOnlyForDeploymentPostprocessing = 0;
		};
		5D2446862C9D2C5700B91070 /* Sources */ = {
			isa = PBXSourcesBuildPhase;
			buildActionMask = 2147483647;
			files = (
			);
			runOnlyForDeploymentPostprocessing = 0;
		};
/* End PBXSourcesBuildPhase section */

/* Begin PBXTargetDependency section */
		5D2446822C9D2C5700B91070 /* PBXTargetDependency */ = {
			isa = PBXTargetDependency;
			target = 5D24466F2C9D2C5500B91070 /* TestingExperiment */;
			targetProxy = 5D2446812C9D2C5700B91070 /* PBXContainerItemProxy */;
		};
		5D24468C2C9D2C5700B91070 /* PBXTargetDependency */ = {
			isa = PBXTargetDependency;
			target = 5D24466F2C9D2C5500B91070 /* TestingExperiment */;
			targetProxy = 5D24468B2C9D2C5700B91070 /* PBXContainerItemProxy */;
		};
/* End PBXTargetDependency section */

/* Begin XCBuildConfiguration section */
		5D2446922C9D2C5700B91070 /* Debug */ = {
			isa = XCBuildConfiguration;
			buildSettings = {
				ALWAYS_SEARCH_USER_PATHS = NO;
				ASSETCATALOG_COMPILER_GENERATE_SWIFT_ASSET_SYMBOL_EXTENSIONS = YES;
				CLANG_ANALYZER_NONNULL = YES;
				CLANG_ANALYZER_NUMBER_OBJECT_CONVERSION = YES_AGGRESSIVE;
				CLANG_CXX_LANGUAGE_STANDARD = "gnu++20";
				CLANG_ENABLE_MODULES = YES;
				CLANG_ENABLE_OBJC_ARC = YES;
				CLANG_ENABLE_OBJC_WEAK = YES;
				CLANG_WARN_BLOCK_CAPTURE_AUTORELEASING = YES;
				CLANG_WARN_BOOL_CONVERSION = YES;
				CLANG_WARN_COMMA = YES;
				CLANG_WARN_CONSTANT_CONVERSION = YES;
				CLANG_WARN_DEPRECATED_OBJC_IMPLEMENTATIONS = YES;
				CLANG_WARN_DIRECT_OBJC_ISA_USAGE = YES_ERROR;
				CLANG_WARN_DOCUMENTATION_COMMENTS = YES;
				CLANG_WARN_EMPTY_BODY = YES;
				CLANG_WARN_ENUM_CONVERSION = YES;
				CLANG_WARN_INFINITE_RECURSION = YES;
				CLANG_WARN_INT_CONVERSION = YES;
				CLANG_WARN_NON_LITERAL_NULL_CONVERSION = YES;
				CLANG_WARN_OBJC_IMPLICIT_RETAIN_SELF = YES;
				CLANG_WARN_OBJC_LITERAL_CONVERSION = YES;
				CLANG_WARN_OBJC_ROOT_CLASS = YES_ERROR;
				CLANG_WARN_QUOTED_INCLUDE_IN_FRAMEWORK_HEADER = YES;
				CLANG_WARN_RANGE_LOOP_ANALYSIS = YES;
				CLANG_WARN_STRICT_PROTOTYPES = YES;
				CLANG_WARN_SUSPICIOUS_MOVE = YES;
				CLANG_WARN_UNGUARDED_AVAILABILITY = YES_AGGRESSIVE;
				CLANG_WARN_UNREACHABLE_CODE = YES;
				CLANG_WARN__DUPLICATE_METHOD_MATCH = YES;
				COPY_PHASE_STRIP = NO;
				DEBUG_INFORMATION_FORMAT = dwarf;
				ENABLE_STRICT_OBJC_MSGSEND = YES;
				ENABLE_TESTABILITY = YES;
				ENABLE_USER_SCRIPT_SANDBOXING = YES;
				GCC_C_LANGUAGE_STANDARD = gnu17;
				GCC_DYNAMIC_NO_PIC = NO;
				GCC_NO_COMMON_BLOCKS = YES;
				GCC_OPTIMIZATION_LEVEL = 0;
				GCC_PREPROCESSOR_DEFINITIONS = (
					"DEBUG=1",
					"$(inherited)",
				);
				GCC_WARN_64_TO_32_BIT_CONVERSION = YES;
				GCC_WARN_ABOUT_RETURN_TYPE = YES_ERROR;
				GCC_WARN_UNDECLARED_SELECTOR = YES;
				GCC_WARN_UNINITIALIZED_AUTOS = YES_AGGRESSIVE;
				GCC_WARN_UNUSED_FUNCTION = YES;
				GCC_WARN_UNUSED_VARIABLE = YES;
				IPHONEOS_DEPLOYMENT_TARGET = 18.0;
				LOCALIZATION_PREFERS_STRING_CATALOGS = YES;
				MTL_ENABLE_DEBUG_INFO = INCLUDE_SOURCE;
				MTL_FAST_MATH = YES;
				ONLY_ACTIVE_ARCH = YES;
				SDKROOT = iphoneos;
				SWIFT_ACTIVE_COMPILATION_CONDITIONS = "DEBUG $(inherited)";
				SWIFT_OPTIMIZATION_LEVEL = "-Onone";
			};
			name = Debug;
		};
		5D2446932C9D2C5700B91070 /* Release */ = {
			isa = XCBuildConfiguration;
			buildSettings = {
				ALWAYS_SEARCH_USER_PATHS = NO;
				ASSETCATALOG_COMPILER_GENERATE_SWIFT_ASSET_SYMBOL_EXTENSIONS = YES;
				CLANG_ANALYZER_NONNULL = YES;
				CLANG_ANALYZER_NUMBER_OBJECT_CONVERSION = YES_AGGRESSIVE;
				CLANG_CXX_LANGUAGE_STANDARD = "gnu++20";
				CLANG_ENABLE_MODULES = YES;
				CLANG_ENABLE_OBJC_ARC = YES;
				CLANG_ENABLE_OBJC_WEAK = YES;
				CLANG_WARN_BLOCK_CAPTURE_AUTORELEASING = YES;
				CLANG_WARN_BOOL_CONVERSION = YES;
				CLANG_WARN_COMMA = YES;
				CLANG_WARN_CONSTANT_CONVERSION = YES;
				CLANG_WARN_DEPRECATED_OBJC_IMPLEMENTATIONS = YES;
				CLANG_WARN_DIRECT_OBJC_ISA_USAGE = YES_ERROR;
				CLANG_WARN_DOCUMENTATION_COMMENTS = YES;
				CLANG_WARN_EMPTY_BODY = YES;
				CLANG_WARN_ENUM_CONVERSION = YES;
				CLANG_WARN_INFINITE_RECURSION = YES;
				CLANG_WARN_INT_CONVERSION = YES;
				CLANG_WARN_NON_LITERAL_NULL_CONVERSION = YES;
				CLANG_WARN_OBJC_IMPLICIT_RETAIN_SELF = YES;
				CLANG_WARN_OBJC_LITERAL_CONVERSION = YES;
				CLANG_WARN_OBJC_ROOT_CLASS = YES_ERROR;
				CLANG_WARN_QUOTED_INCLUDE_IN_FRAMEWORK_HEADER = YES;
				CLANG_WARN_RANGE_LOOP_ANALYSIS = YES;
				CLANG_WARN_STRICT_PROTOTYPES = YES;
				CLANG_WARN_SUSPICIOUS_MOVE = YES;
				CLANG_WARN_UNGUARDED_AVAILABILITY = YES_AGGRESSIVE;
				CLANG_WARN_UNREACHABLE_CODE = YES;
				CLANG_WARN__DUPLICATE_METHOD_MATCH = YES;
				COPY_PHASE_STRIP = NO;
				DEBUG_INFORMATION_FORMAT = "dwarf-with-dsym";
				ENABLE_NS_ASSERTIONS = NO;
				ENABLE_STRICT_OBJC_MSGSEND = YES;
				ENABLE_USER_SCRIPT_SANDBOXING = YES;
				GCC_C_LANGUAGE_STANDARD = gnu17;
				GCC_NO_COMMON_BLOCKS = YES;
				GCC_WARN_64_TO_32_BIT_CONVERSION = YES;
				GCC_WARN_ABOUT_RETURN_TYPE = YES_ERROR;
				GCC_WARN_UNDECLARED_SELECTOR = YES;
				GCC_WARN_UNINITIALIZED_AUTOS = YES_AGGRESSIVE;
				GCC_WARN_UNUSED_FUNCTION = YES;
				GCC_WARN_UNUSED_VARIABLE = YES;
				IPHONEOS_DEPLOYMENT_TARGET = 18.0;
				LOCALIZATION_PREFERS_STRING_CATALOGS = YES;
				MTL_ENABLE_DEBUG_INFO = NO;
				MTL_FAST_MATH = YES;
				SDKROOT = iphoneos;
				SWIFT_COMPILATION_MODE = wholemodule;
				VALIDATE_PRODUCT = YES;
			};
			name = Release;
		};
		5D2446952C9D2C5700B91070 /* Debug */ = {
			isa = XCBuildConfiguration;
			buildSettings = {
				ASSETCATALOG_COMPILER_APPICON_NAME = AppIcon;
				ASSETCATALOG_COMPILER_GLOBAL_ACCENT_COLOR_NAME = AccentColor;
				CODE_SIGN_STYLE = Automatic;
				CURRENT_PROJECT_VERSION = 1;
				DEVELOPMENT_ASSET_PATHS = "\"TestingExperiment/Preview Content\"";
				DEVELOPMENT_TEAM = 7TCA8A4872;
				ENABLE_PREVIEWS = YES;
				GENERATE_INFOPLIST_FILE = YES;
				INFOPLIST_KEY_UIApplicationSceneManifest_Generation = YES;
				INFOPLIST_KEY_UIApplicationSupportsIndirectInputEvents = YES;
				INFOPLIST_KEY_UILaunchScreen_Generation = YES;
				INFOPLIST_KEY_UISupportedInterfaceOrientations_iPad = "UIInterfaceOrientationPortrait UIInterfaceOrientationPortraitUpsideDown UIInterfaceOrientationLandscapeLeft UIInterfaceOrientationLandscapeRight";
				INFOPLIST_KEY_UISupportedInterfaceOrientations_iPhone = "UIInterfaceOrientationPortrait UIInterfaceOrientationLandscapeLeft UIInterfaceOrientationLandscapeRight";
				LD_RUNPATH_SEARCH_PATHS = (
					"$(inherited)",
					"@executable_path/Frameworks",
				);
				MARKETING_VERSION = 1.0;
				PRODUCT_BUNDLE_IDENTIFIER = io.agibalov.TestingExperiment;
				PRODUCT_NAME = "$(TARGET_NAME)";
				SWIFT_EMIT_LOC_STRINGS = YES;
				SWIFT_VERSION = 5.0;
				TARGETED_DEVICE_FAMILY = "1,2";
			};
			name = Debug;
		};
		5D2446962C9D2C5700B91070 /* Release */ = {
			isa = XCBuildConfiguration;
			buildSettings = {
				ASSETCATALOG_COMPILER_APPICON_NAME = AppIcon;
				ASSETCATALOG_COMPILER_GLOBAL_ACCENT_COLOR_NAME = AccentColor;
				CODE_SIGN_STYLE = Automatic;
				CURRENT_PROJECT_VERSION = 1;
				DEVELOPMENT_ASSET_PATHS = "\"TestingExperiment/Preview Content\"";
				DEVELOPMENT_TEAM = 7TCA8A4872;
				ENABLE_PREVIEWS = YES;
				GENERATE_INFOPLIST_FILE = YES;
				INFOPLIST_KEY_UIApplicationSceneManifest_Generation = YES;
				INFOPLIST_KEY_UIApplicationSupportsIndirectInputEvents = YES;
				INFOPLIST_KEY_UILaunchScreen_Generation = YES;
				INFOPLIST_KEY_UISupportedInterfaceOrientations_iPad = "UIInterfaceOrientationPortrait UIInterfaceOrientationPortraitUpsideDown UIInterfaceOrientationLandscapeLeft UIInterfaceOrientationLandscapeRight";
				INFOPLIST_KEY_UISupportedInterfaceOrientations_iPhone = "UIInterfaceOrientationPortrait UIInterfaceOrientationLandscapeLeft UIInterfaceOrientationLandscapeRight";
				LD_RUNPATH_SEARCH_PATHS = (
					"$(inherited)",
					"@executable_path/Frameworks",
				);
				MARKETING_VERSION = 1.0;
				PRODUCT_BUNDLE_IDENTIFIER = io.agibalov.TestingExperiment;
				PRODUCT_NAME = "$(TARGET_NAME)";
				SWIFT_EMIT_LOC_STRINGS = YES;
				SWIFT_VERSION = 5.0;
				TARGETED_DEVICE_FAMILY = "1,2";
			};
			name = Release;
		};
		5D2446982C9D2C5700B91070 /* Debug */ = {
			isa = XCBuildConfiguration;
			buildSettings = {
				BUNDLE_LOADER = "$(TEST_HOST)";
				CODE_SIGN_STYLE = Automatic;
				CURRENT_PROJECT_VERSION = 1;
				DEVELOPMENT_TEAM = 7TCA8A4872;
				GENERATE_INFOPLIST_FILE = YES;
				IPHONEOS_DEPLOYMENT_TARGET = 18.0;
				MARKETING_VERSION = 1.0;
				PRODUCT_BUNDLE_IDENTIFIER = io.agibalov.TestingExperimentTests;
				PRODUCT_NAME = "$(TARGET_NAME)";
				SWIFT_EMIT_LOC_STRINGS = NO;
				SWIFT_VERSION = 5.0;
				TARGETED_DEVICE_FAMILY = "1,2";
				TEST_HOST = "$(BUILT_PRODUCTS_DIR)/TestingExperiment.app/$(BUNDLE_EXECUTABLE_FOLDER_PATH)/TestingExperiment";
			};
			name = Debug;
		};
		5D2446992C9D2C5700B91070 /* Release */ = {
			isa = XCBuildConfiguration;
			buildSettings = {
				BUNDLE_LOADER = "$(TEST_HOST)";
				CODE_SIGN_STYLE = Automatic;
				CURRENT_PROJECT_VERSION = 1;
				DEVELOPMENT_TEAM = 7TCA8A4872;
				GENERATE_INFOPLIST_FILE = YES;
				IPHONEOS_DEPLOYMENT_TARGET = 18.0;
				MARKETING_VERSION = 1.0;
				PRODUCT_BUNDLE_IDENTIFIER = io.agibalov.TestingExperimentTests;
				PRODUCT_NAME = "$(TARGET_NAME)";
				SWIFT_EMIT_LOC_STRINGS = NO;
				SWIFT_VERSION = 5.0;
				TARGETED_DEVICE_FAMILY = "1,2";
				TEST_HOST = "$(BUILT_PRODUCTS_DIR)/TestingExperiment.app/$(BUNDLE_EXECUTABLE_FOLDER_PATH)/TestingExperiment";
			};
			name = Release;
		};
		5D24469B2C9D2C5700B91070 /* Debug */ = {
			isa = XCBuildConfiguration;
			buildSettings = {
				CODE_SIGN_STYLE = Automatic;
				CURRENT_PROJECT_VERSION = 1;
				DEVELOPMENT_TEAM = 7TCA8A4872;
				GENERATE_INFOPLIST_FILE = YES;
				MARKETING_VERSION = 1.0;
				PRODUCT_BUNDLE_IDENTIFIER = io.agibalov.TestingExperimentUITests;
				PRODUCT_NAME = "$(TARGET_NAME)";
				SWIFT_EMIT_LOC_STRINGS = NO;
				SWIFT_VERSION = 5.0;
				TARGETED_DEVICE_FAMILY = "1,2";
				TEST_TARGET_NAME = TestingExperiment;
			};
			name = Debug;
		};
		5D24469C2C9D2C5700B91070 /* Release */ = {
			isa = XCBuildConfiguration;
			buildSettings = {
				CODE_SIGN_STYLE = Automatic;
				CURRENT_PROJECT_VERSION = 1;
				DEVELOPMENT_TEAM = 7TCA8A4872;
				GENERATE_INFOPLIST_FILE = YES;
				MARKETING_VERSION = 1.0;
				PRODUCT_BUNDLE_IDENTIFIER = io.agibalov.TestingExperimentUITests;
				PRODUCT_NAME = "$(TARGET_NAME)";
				SWIFT_EMIT_LOC_STRINGS = NO;
				SWIFT_VERSION = 5.0;
				TARGETED_DEVICE_FAMILY = "1,2";
				TEST_TARGET_NAME = TestingExperiment;
			};
			name = Release;
		};
/* End XCBuildConfiguration section */

/* Begin XCConfigurationList section */
		5D24466B2C9D2C5500B91070 /* Build configuration list for PBXProject "TestingExperiment" */ = {
			isa = XCConfigurationList;
			buildConfigurations = (
				5D2446922C9D2C5700B91070 /* Debug */,
				5D2446932C9D2C5700B91070 /* Release */,
			);
			defaultConfigurationIsVisible = 0;
			defaultConfigurationName = Release;
		};
		5D2446942C9D2C5700B91070 /* Build configuration list for PBXNativeTarget "TestingExperiment" */ = {
			isa = XCConfigurationList;
			buildConfigurations = (
				5D2446952C9D2C5700B91070 /* Debug */,
				5D2446962C9D2C5700B91070 /* Release */,
			);
			defaultConfigurationIsVisible = 0;
			defaultConfigurationName = Release;
		};
		5D2446972C9D2C5700B91070 /* Build configuration list for PBXNativeTarget "TestingExperimentTests" */ = {
			isa = XCConfigurationList;
			buildConfigurations = (
				5D2446982C9D2C5700B91070 /* Debug */,
				5D2446992C9D2C5700B91070 /* Release */,
			);
			defaultConfigurationIsVisible = 0;
			defaultConfigurationName = Release;
		};
		5D24469A2C9D2C5700B91070 /* Build configuration list for PBXNativeTarget "TestingExperimentUITests" */ = {
			isa = XCConfigurationList;
			buildConfigurations = (
				5D24469B2C9D2C5700B91070 /* Debug */,
				5D24469C2C9D2C5700B91070 /* Release */,
			);
			defaultConfigurationIsVisible = 0;
			defaultConfigurationName = Release;
		};
/* End XCConfigurationList section */
	};
	rootObject = 5D2446682C9D2C5500B91070 /* Project object */;
}
