// !$*UTF8*$!
{
	archiveVersion = 1;
	classes = {
	};
	objectVersion = 77;
	objects = {

/* Begin PBXContainerItemProxy section */
		5D4923C02CD1A47800D669C4 /* PBXContainerItemProxy */ = {
			isa = PBXContainerItemProxy;
			containerPortal = 5D4923A72CD1A47500D669C4 /* Project object */;
			proxyType = 1;
			remoteGlobalIDString = 5D4923AE2CD1A47500D669C4;
			remoteInfo = ScreenshotsExperiment;
		};
		5D4923CA2CD1A47800D669C4 /* PBXContainerItemProxy */ = {
			isa = PBXContainerItemProxy;
			containerPortal = 5D4923A72CD1A47500D669C4 /* Project object */;
			proxyType = 1;
			remoteGlobalIDString = 5D4923AE2CD1A47500D669C4;
			remoteInfo = ScreenshotsExperiment;
		};
/* End PBXContainerItemProxy section */

/* Begin PBXFileReference section */
		5D4923AF2CD1A47500D669C4 /* ScreenshotsExperiment.app */ = {isa = PBXFileReference; explicitFileType = wrapper.application; includeInIndex = 0; path = ScreenshotsExperiment.app; sourceTree = BUILT_PRODUCTS_DIR; };
		5D4923BF2CD1A47800D669C4 /* ScreenshotsExperimentTests.xctest */ = {isa = PBXFileReference; explicitFileType = wrapper.cfbundle; includeInIndex = 0; path = ScreenshotsExperimentTests.xctest; sourceTree = BUILT_PRODUCTS_DIR; };
		5D4923C92CD1A47800D669C4 /* ScreenshotsExperimentUITests.xctest */ = {isa = PBXFileReference; explicitFileType = wrapper.cfbundle; includeInIndex = 0; path = ScreenshotsExperimentUITests.xctest; sourceTree = BUILT_PRODUCTS_DIR; };
/* End PBXFileReference section */

/* Begin PBXFileSystemSynchronizedBuildFileExceptionSet section */
		5D49249C2CD2BD2000D669C4 /* Exceptions for "ScreenshotsExperiment" folder in "ScreenshotsExperimentUITests" target */ = {
			isa = PBXFileSystemSynchronizedBuildFileExceptionSet;
			membershipExceptions = (
				PathHacks.swift,
			);
			target = 5D4923C82CD1A47800D669C4 /* ScreenshotsExperimentUITests */;
		};
/* End PBXFileSystemSynchronizedBuildFileExceptionSet section */

/* Begin PBXFileSystemSynchronizedRootGroup section */
		5D4923B12CD1A47500D669C4 /* ScreenshotsExperiment */ = {
			isa = PBXFileSystemSynchronizedRootGroup;
			exceptions = (
				5D49249C2CD2BD2000D669C4 /* Exceptions for "ScreenshotsExperiment" folder in "ScreenshotsExperimentUITests" target */,
			);
			path = ScreenshotsExperiment;
			sourceTree = "<group>";
		};
		5D4923C22CD1A47800D669C4 /* ScreenshotsExperimentTests */ = {
			isa = PBXFileSystemSynchronizedRootGroup;
			path = ScreenshotsExperimentTests;
			sourceTree = "<group>";
		};
		5D4923CC2CD1A47800D669C4 /* ScreenshotsExperimentUITests */ = {
			isa = PBXFileSystemSynchronizedRootGroup;
			path = ScreenshotsExperimentUITests;
			sourceTree = "<group>";
		};
/* End PBXFileSystemSynchronizedRootGroup section */

/* Begin PBXFrameworksBuildPhase section */
		5D4923AC2CD1A47500D669C4 /* Frameworks */ = {
			isa = PBXFrameworksBuildPhase;
			buildActionMask = 2147483647;
			files = (
			);
			runOnlyForDeploymentPostprocessing = 0;
		};
		5D4923BC2CD1A47800D669C4 /* Frameworks */ = {
			isa = PBXFrameworksBuildPhase;
			buildActionMask = 2147483647;
			files = (
			);
			runOnlyForDeploymentPostprocessing = 0;
		};
		5D4923C62CD1A47800D669C4 /* Frameworks */ = {
			isa = PBXFrameworksBuildPhase;
			buildActionMask = 2147483647;
			files = (
			);
			runOnlyForDeploymentPostprocessing = 0;
		};
/* End PBXFrameworksBuildPhase section */

/* Begin PBXGroup section */
		5D4923A62CD1A47500D669C4 = {
			isa = PBXGroup;
			children = (
				5D4923B12CD1A47500D669C4 /* ScreenshotsExperiment */,
				5D4923C22CD1A47800D669C4 /* ScreenshotsExperimentTests */,
				5D4923CC2CD1A47800D669C4 /* ScreenshotsExperimentUITests */,
				5D4923B02CD1A47500D669C4 /* Products */,
			);
			sourceTree = "<group>";
		};
		5D4923B02CD1A47500D669C4 /* Products */ = {
			isa = PBXGroup;
			children = (
				5D4923AF2CD1A47500D669C4 /* ScreenshotsExperiment.app */,
				5D4923BF2CD1A47800D669C4 /* ScreenshotsExperimentTests.xctest */,
				5D4923C92CD1A47800D669C4 /* ScreenshotsExperimentUITests.xctest */,
			);
			name = Products;
			sourceTree = "<group>";
		};
/* End PBXGroup section */

/* Begin PBXNativeTarget section */
		5D4923AE2CD1A47500D669C4 /* ScreenshotsExperiment */ = {
			isa = PBXNativeTarget;
			buildConfigurationList = 5D4923D32CD1A47800D669C4 /* Build configuration list for PBXNativeTarget "ScreenshotsExperiment" */;
			buildPhases = (
				5D4923AB2CD1A47500D669C4 /* Sources */,
				5D4923AC2CD1A47500D669C4 /* Frameworks */,
				5D4923AD2CD1A47500D669C4 /* Resources */,
			);
			buildRules = (
			);
			dependencies = (
			);
			fileSystemSynchronizedGroups = (
				5D4923B12CD1A47500D669C4 /* ScreenshotsExperiment */,
			);
			name = ScreenshotsExperiment;
			packageProductDependencies = (
			);
			productName = ScreenshotsExperiment;
			productReference = 5D4923AF2CD1A47500D669C4 /* ScreenshotsExperiment.app */;
			productType = "com.apple.product-type.application";
		};
		5D4923BE2CD1A47800D669C4 /* ScreenshotsExperimentTests */ = {
			isa = PBXNativeTarget;
			buildConfigurationList = 5D4923D62CD1A47800D669C4 /* Build configuration list for PBXNativeTarget "ScreenshotsExperimentTests" */;
			buildPhases = (
				5D4923BB2CD1A47800D669C4 /* Sources */,
				5D4923BC2CD1A47800D669C4 /* Frameworks */,
				5D4923BD2CD1A47800D669C4 /* Resources */,
			);
			buildRules = (
			);
			dependencies = (
				5D4923C12CD1A47800D669C4 /* PBXTargetDependency */,
			);
			fileSystemSynchronizedGroups = (
				5D4923C22CD1A47800D669C4 /* ScreenshotsExperimentTests */,
			);
			name = ScreenshotsExperimentTests;
			packageProductDependencies = (
			);
			productName = ScreenshotsExperimentTests;
			productReference = 5D4923BF2CD1A47800D669C4 /* ScreenshotsExperimentTests.xctest */;
			productType = "com.apple.product-type.bundle.unit-test";
		};
		5D4923C82CD1A47800D669C4 /* ScreenshotsExperimentUITests */ = {
			isa = PBXNativeTarget;
			buildConfigurationList = 5D4923D92CD1A47800D669C4 /* Build configuration list for PBXNativeTarget "ScreenshotsExperimentUITests" */;
			buildPhases = (
				5D4923C52CD1A47800D669C4 /* Sources */,
				5D4923C62CD1A47800D669C4 /* Frameworks */,
				5D4923C72CD1A47800D669C4 /* Resources */,
			);
			buildRules = (
			);
			dependencies = (
				5D4923CB2CD1A47800D669C4 /* PBXTargetDependency */,
			);
			fileSystemSynchronizedGroups = (
				5D4923CC2CD1A47800D669C4 /* ScreenshotsExperimentUITests */,
			);
			name = ScreenshotsExperimentUITests;
			packageProductDependencies = (
			);
			productName = ScreenshotsExperimentUITests;
			productReference = 5D4923C92CD1A47800D669C4 /* ScreenshotsExperimentUITests.xctest */;
			productType = "com.apple.product-type.bundle.ui-testing";
		};
/* End PBXNativeTarget section */

/* Begin PBXProject section */
		5D4923A72CD1A47500D669C4 /* Project object */ = {
			isa = PBXProject;
			attributes = {
				BuildIndependentTargetsInParallel = 1;
				LastSwiftUpdateCheck = 1600;
				LastUpgradeCheck = 1600;
				TargetAttributes = {
					5D4923AE2CD1A47500D669C4 = {
						CreatedOnToolsVersion = 16.0;
					};
					5D4923BE2CD1A47800D669C4 = {
						CreatedOnToolsVersion = 16.0;
						TestTargetID = 5D4923AE2CD1A47500D669C4;
					};
					5D4923C82CD1A47800D669C4 = {
						CreatedOnToolsVersion = 16.0;
						TestTargetID = 5D4923AE2CD1A47500D669C4;
					};
				};
			};
			buildConfigurationList = 5D4923AA2CD1A47500D669C4 /* Build configuration list for PBXProject "ScreenshotsExperiment" */;
			developmentRegion = en;
			hasScannedForEncodings = 0;
			knownRegions = (
				en,
				Base,
			);
			mainGroup = 5D4923A62CD1A47500D669C4;
			minimizedProjectReferenceProxies = 1;
			preferredProjectObjectVersion = 77;
			productRefGroup = 5D4923B02CD1A47500D669C4 /* Products */;
			projectDirPath = "";
			projectRoot = "";
			targets = (
				5D4923AE2CD1A47500D669C4 /* ScreenshotsExperiment */,
				5D4923BE2CD1A47800D669C4 /* ScreenshotsExperimentTests */,
				5D4923C82CD1A47800D669C4 /* ScreenshotsExperimentUITests */,
			);
		};
/* End PBXProject section */

/* Begin PBXResourcesBuildPhase section */
		5D4923AD2CD1A47500D669C4 /* Resources */ = {
			isa = PBXResourcesBuildPhase;
			buildActionMask = 2147483647;
			files = (
			);
			runOnlyForDeploymentPostprocessing = 0;
		};
		5D4923BD2CD1A47800D669C4 /* Resources */ = {
			isa = PBXResourcesBuildPhase;
			buildActionMask = 2147483647;
			files = (
			);
			runOnlyForDeploymentPostprocessing = 0;
		};
		5D4923C72CD1A47800D669C4 /* Resources */ = {
			isa = PBXResourcesBuildPhase;
			buildActionMask = 2147483647;
			files = (
			);
			runOnlyForDeploymentPostprocessing = 0;
		};
/* End PBXResourcesBuildPhase section */

/* Begin PBXSourcesBuildPhase section */
		5D4923AB2CD1A47500D669C4 /* Sources */ = {
			isa = PBXSourcesBuildPhase;
			buildActionMask = 2147483647;
			files = (
			);
			runOnlyForDeploymentPostprocessing = 0;
		};
		5D4923BB2CD1A47800D669C4 /* Sources */ = {
			isa = PBXSourcesBuildPhase;
			buildActionMask = 2147483647;
			files = (
			);
			runOnlyForDeploymentPostprocessing = 0;
		};
		5D4923C52CD1A47800D669C4 /* Sources */ = {
			isa = PBXSourcesBuildPhase;
			buildActionMask = 2147483647;
			files = (
			);
			runOnlyForDeploymentPostprocessing = 0;
		};
/* End PBXSourcesBuildPhase section */

/* Begin PBXTargetDependency section */
		5D4923C12CD1A47800D669C4 /* PBXTargetDependency */ = {
			isa = PBXTargetDependency;
			target = 5D4923AE2CD1A47500D669C4 /* ScreenshotsExperiment */;
			targetProxy = 5D4923C02CD1A47800D669C4 /* PBXContainerItemProxy */;
		};
		5D4923CB2CD1A47800D669C4 /* PBXTargetDependency */ = {
			isa = PBXTargetDependency;
			target = 5D4923AE2CD1A47500D669C4 /* ScreenshotsExperiment */;
			targetProxy = 5D4923CA2CD1A47800D669C4 /* PBXContainerItemProxy */;
		};
/* End PBXTargetDependency section */

/* Begin XCBuildConfiguration section */
		5D4923D12CD1A47800D669C4 /* Debug */ = {
			isa = XCBuildConfiguration;
			buildSettings = {
				ALWAYS_SEARCH_USER_PATHS = NO;
				ASSETCATALOG_COMPILER_GENERATE_SWIFT_ASSET_SYMBOL_EXTENSIONS = YES;
				CLANG_ANALYZER_NONNULL = YES;
				CLANG_ANALYZER_NUMBER_OBJECT_CONVERSION = YES_AGGRESSIVE;
				CLANG_CXX_LANGUAGE_STANDARD = "gnu++20";
				CLANG_ENABLE_MODULES = YES;
				CLANG_ENABLE_OBJC_ARC = YES;
				CLANG_ENABLE_OBJC_WEAK = YES;
				CLANG_WARN_BLOCK_CAPTURE_AUTORELEASING = YES;
				CLANG_WARN_BOOL_CONVERSION = YES;
				CLANG_WARN_COMMA = YES;
				CLANG_WARN_CONSTANT_CONVERSION = YES;
				CLANG_WARN_DEPRECATED_OBJC_IMPLEMENTATIONS = YES;
				CLANG_WARN_DIRECT_OBJC_ISA_USAGE = YES_ERROR;
				CLANG_WARN_DOCUMENTATION_COMMENTS = YES;
				CLANG_WARN_EMPTY_BODY = YES;
				CLANG_WARN_ENUM_CONVERSION = YES;
				CLANG_WARN_INFINITE_RECURSION = YES;
				CLANG_WARN_INT_CONVERSION = YES;
				CLANG_WARN_NON_LITERAL_NULL_CONVERSION = YES;
				CLANG_WARN_OBJC_IMPLICIT_RETAIN_SELF = YES;
				CLANG_WARN_OBJC_LITERAL_CONVERSION = YES;
				CLANG_WARN_OBJC_ROOT_CLASS = YES_ERROR;
				CLANG_WARN_QUOTED_INCLUDE_IN_FRAMEWORK_HEADER = YES;
				CLANG_WARN_RANGE_LOOP_ANALYSIS = YES;
				CLANG_WARN_STRICT_PROTOTYPES = YES;
				CLANG_WARN_SUSPICIOUS_MOVE = YES;
				CLANG_WARN_UNGUARDED_AVAILABILITY = YES_AGGRESSIVE;
				CLANG_WARN_UNREACHABLE_CODE = YES;
				CLANG_WARN__DUPLICATE_METHOD_MATCH = YES;
				COPY_PHASE_STRIP = NO;
				DEBUG_INFORMATION_FORMAT = dwarf;
				ENABLE_STRICT_OBJC_MSGSEND = YES;
				ENABLE_TESTABILITY = YES;
				ENABLE_USER_SCRIPT_SANDBOXING = YES;
				GCC_C_LANGUAGE_STANDARD = gnu17;
				GCC_DYNAMIC_NO_PIC = NO;
				GCC_NO_COMMON_BLOCKS = YES;
				GCC_OPTIMIZATION_LEVEL = 0;
				GCC_PREPROCESSOR_DEFINITIONS = (
					"DEBUG=1",
					"$(inherited)",
				);
				GCC_WARN_64_TO_32_BIT_CONVERSION = YES;
				GCC_WARN_ABOUT_RETURN_TYPE = YES_ERROR;
				GCC_WARN_UNDECLARED_SELECTOR = YES;
				GCC_WARN_UNINITIALIZED_AUTOS = YES_AGGRESSIVE;
				GCC_WARN_UNUSED_FUNCTION = YES;
				GCC_WARN_UNUSED_VARIABLE = YES;
				IPHONEOS_DEPLOYMENT_TARGET = 18.0;
				LOCALIZATION_PREFERS_STRING_CATALOGS = YES;
				MTL_ENABLE_DEBUG_INFO = INCLUDE_SOURCE;
				MTL_FAST_MATH = YES;
				ONLY_ACTIVE_ARCH = YES;
				SDKROOT = iphoneos;
				SWIFT_ACTIVE_COMPILATION_CONDITIONS = "DEBUG $(inherited)";
				SWIFT_OPTIMIZATION_LEVEL = "-Onone";
			};
			name = Debug;
		};
		5D4923D22CD1A47800D669C4 /* Release */ = {
			isa = XCBuildConfiguration;
			buildSettings = {
				ALWAYS_SEARCH_USER_PATHS = NO;
				ASSETCATALOG_COMPILER_GENERATE_SWIFT_ASSET_SYMBOL_EXTENSIONS = YES;
				CLANG_ANALYZER_NONNULL = YES;
				CLANG_ANALYZER_NUMBER_OBJECT_CONVERSION = YES_AGGRESSIVE;
				CLANG_CXX_LANGUAGE_STANDARD = "gnu++20";
				CLANG_ENABLE_MODULES = YES;
				CLANG_ENABLE_OBJC_ARC = YES;
				CLANG_ENABLE_OBJC_WEAK = YES;
				CLANG_WARN_BLOCK_CAPTURE_AUTORELEASING = YES;
				CLANG_WARN_BOOL_CONVERSION = YES;
				CLANG_WARN_COMMA = YES;
				CLANG_WARN_CONSTANT_CONVERSION = YES;
				CLANG_WARN_DEPRECATED_OBJC_IMPLEMENTATIONS = YES;
				CLANG_WARN_DIRECT_OBJC_ISA_USAGE = YES_ERROR;
				CLANG_WARN_DOCUMENTATION_COMMENTS = YES;
				CLANG_WARN_EMPTY_BODY = YES;
				CLANG_WARN_ENUM_CONVERSION = YES;
				CLANG_WARN_INFINITE_RECURSION = YES;
				CLANG_WARN_INT_CONVERSION = YES;
				CLANG_WARN_NON_LITERAL_NULL_CONVERSION = YES;
				CLANG_WARN_OBJC_IMPLICIT_RETAIN_SELF = YES;
				CLANG_WARN_OBJC_LITERAL_CONVERSION = YES;
				CLANG_WARN_OBJC_ROOT_CLASS = YES_ERROR;
				CLANG_WARN_QUOTED_INCLUDE_IN_FRAMEWORK_HEADER = YES;
				CLANG_WARN_RANGE_LOOP_ANALYSIS = YES;
				CLANG_WARN_STRICT_PROTOTYPES = YES;
				CLANG_WARN_SUSPICIOUS_MOVE = YES;
				CLANG_WARN_UNGUARDED_AVAILABILITY = YES_AGGRESSIVE;
				CLANG_WARN_UNREACHABLE_CODE = YES;
				CLANG_WARN__DUPLICATE_METHOD_MATCH = YES;
				COPY_PHASE_STRIP = NO;
				DEBUG_INFORMATION_FORMAT = "dwarf-with-dsym";
				ENABLE_NS_ASSERTIONS = NO;
				ENABLE_STRICT_OBJC_MSGSEND = YES;
				ENABLE_USER_SCRIPT_SANDBOXING = YES;
				GCC_C_LANGUAGE_STANDARD = gnu17;
				GCC_NO_COMMON_BLOCKS = YES;
				GCC_WARN_64_TO_32_BIT_CONVERSION = YES;
				GCC_WARN_ABOUT_RETURN_TYPE = YES_ERROR;
				GCC_WARN_UNDECLARED_SELECTOR = YES;
				GCC_WARN_UNINITIALIZED_AUTOS = YES_AGGRESSIVE;
				GCC_WARN_UNUSED_FUNCTION = YES;
				GCC_WARN_UNUSED_VARIABLE = YES;
				IPHONEOS_DEPLOYMENT_TARGET = 18.0;
				LOCALIZATION_PREFERS_STRING_CATALOGS = YES;
				MTL_ENABLE_DEBUG_INFO = NO;
				MTL_FAST_MATH = YES;
				SDKROOT = iphoneos;
				SWIFT_COMPILATION_MODE = wholemodule;
				VALIDATE_PRODUCT = YES;
			};
			name = Release;
		};
		5D4923D42CD1A47800D669C4 /* Debug */ = {
			isa = XCBuildConfiguration;
			buildSettings = {
				ASSETCATALOG_COMPILER_APPICON_NAME = AppIcon;
				ASSETCATALOG_COMPILER_GLOBAL_ACCENT_COLOR_NAME = AccentColor;
				CODE_SIGN_STYLE = Automatic;
				CURRENT_PROJECT_VERSION = 1;
				DEVELOPMENT_ASSET_PATHS = "\"ScreenshotsExperiment/Preview Content\"";
				DEVELOPMENT_TEAM = 7TCA8A4872;
				ENABLE_PREVIEWS = YES;
				GENERATE_INFOPLIST_FILE = YES;
				INFOPLIST_KEY_UIApplicationSceneManifest_Generation = YES;
				INFOPLIST_KEY_UIApplicationSupportsIndirectInputEvents = YES;
				INFOPLIST_KEY_UILaunchScreen_Generation = YES;
				INFOPLIST_KEY_UISupportedInterfaceOrientations = UIInterfaceOrientationPortrait;
				INFOPLIST_KEY_UISupportedInterfaceOrientations_iPad = "UIInterfaceOrientationLandscapeLeft UIInterfaceOrientationLandscapeRight UIInterfaceOrientationPortrait UIInterfaceOrientationPortraitUpsideDown";
				LD_RUNPATH_SEARCH_PATHS = (
					"$(inherited)",
					"@executable_path/Frameworks",
				);
				MARKETING_VERSION = 1.0;
				PRODUCT_BUNDLE_IDENTIFIER = io.agibalov.ScreenshotsExperiment;
				PRODUCT_NAME = "$(TARGET_NAME)";
				SWIFT_EMIT_LOC_STRINGS = YES;
				SWIFT_VERSION = 5.0;
				TARGETED_DEVICE_FAMILY = "1,2";
			};
			name = Debug;
		};
		5D4923D52CD1A47800D669C4 /* Release */ = {
			isa = XCBuildConfiguration;
			buildSettings = {
				ASSETCATALOG_COMPILER_APPICON_NAME = AppIcon;
				ASSETCATALOG_COMPILER_GLOBAL_ACCENT_COLOR_NAME = AccentColor;
				CODE_SIGN_STYLE = Automatic;
				CURRENT_PROJECT_VERSION = 1;
				DEVELOPMENT_ASSET_PATHS = "\"ScreenshotsExperiment/Preview Content\"";
				DEVELOPMENT_TEAM = 7TCA8A4872;
				ENABLE_PREVIEWS = YES;
				GENERATE_INFOPLIST_FILE = YES;
				INFOPLIST_KEY_UIApplicationSceneManifest_Generation = YES;
				INFOPLIST_KEY_UIApplicationSupportsIndirectInputEvents = YES;
				INFOPLIST_KEY_UILaunchScreen_Generation = YES;
				INFOPLIST_KEY_UISupportedInterfaceOrientations = UIInterfaceOrientationPortrait;
				INFOPLIST_KEY_UISupportedInterfaceOrientations_iPad = "UIInterfaceOrientationLandscapeLeft UIInterfaceOrientationLandscapeRight UIInterfaceOrientationPortrait UIInterfaceOrientationPortraitUpsideDown";
				LD_RUNPATH_SEARCH_PATHS = (
					"$(inherited)",
					"@executable_path/Frameworks",
				);
				MARKETING_VERSION = 1.0;
				PRODUCT_BUNDLE_IDENTIFIER = io.agibalov.ScreenshotsExperiment;
				PRODUCT_NAME = "$(TARGET_NAME)";
				SWIFT_EMIT_LOC_STRINGS = YES;
				SWIFT_VERSION = 5.0;
				TARGETED_DEVICE_FAMILY = "1,2";
			};
			name = Release;
		};
		5D4923D72CD1A47800D669C4 /* Debug */ = {
			isa = XCBuildConfiguration;
			buildSettings = {
				BUNDLE_LOADER = "$(TEST_HOST)";
				CODE_SIGN_STYLE = Automatic;
				CURRENT_PROJECT_VERSION = 1;
				DEVELOPMENT_TEAM = 7TCA8A4872;
				GENERATE_INFOPLIST_FILE = YES;
				IPHONEOS_DEPLOYMENT_TARGET = 18.0;
				MARKETING_VERSION = 1.0;
				PRODUCT_BUNDLE_IDENTIFIER = io.agibalov.ScreenshotsExperimentTests;
				PRODUCT_NAME = "$(TARGET_NAME)";
				SWIFT_EMIT_LOC_STRINGS = NO;
				SWIFT_VERSION = 5.0;
				TARGETED_DEVICE_FAMILY = "1,2";
				TEST_HOST = "$(BUILT_PRODUCTS_DIR)/ScreenshotsExperiment.app/$(BUNDLE_EXECUTABLE_FOLDER_PATH)/ScreenshotsExperiment";
			};
			name = Debug;
		};
		5D4923D82CD1A47800D669C4 /* Release */ = {
			isa = XCBuildConfiguration;
			buildSettings = {
				BUNDLE_LOADER = "$(TEST_HOST)";
				CODE_SIGN_STYLE = Automatic;
				CURRENT_PROJECT_VERSION = 1;
				DEVELOPMENT_TEAM = 7TCA8A4872;
				GENERATE_INFOPLIST_FILE = YES;
				IPHONEOS_DEPLOYMENT_TARGET = 18.0;
				MARKETING_VERSION = 1.0;
				PRODUCT_BUNDLE_IDENTIFIER = io.agibalov.ScreenshotsExperimentTests;
				PRODUCT_NAME = "$(TARGET_NAME)";
				SWIFT_EMIT_LOC_STRINGS = NO;
				SWIFT_VERSION = 5.0;
				TARGETED_DEVICE_FAMILY = "1,2";
				TEST_HOST = "$(BUILT_PRODUCTS_DIR)/ScreenshotsExperiment.app/$(BUNDLE_EXECUTABLE_FOLDER_PATH)/ScreenshotsExperiment";
			};
			name = Release;
		};
		5D4923DA2CD1A47800D669C4 /* Debug */ = {
			isa = XCBuildConfiguration;
			buildSettings = {
				CODE_SIGN_STYLE = Automatic;
				CURRENT_PROJECT_VERSION = 1;
				DEVELOPMENT_TEAM = 7TCA8A4872;
				GENERATE_INFOPLIST_FILE = YES;
				MARKETING_VERSION = 1.0;
				PRODUCT_BUNDLE_IDENTIFIER = io.agibalov.ScreenshotsExperimentUITests;
				PRODUCT_NAME = "$(TARGET_NAME)";
				SWIFT_EMIT_LOC_STRINGS = NO;
				SWIFT_VERSION = 5.0;
				TARGETED_DEVICE_FAMILY = "1,2";
				TEST_TARGET_NAME = ScreenshotsExperiment;
			};
			name = Debug;
		};
		5D4923DB2CD1A47800D669C4 /* Release */ = {
			isa = XCBuildConfiguration;
			buildSettings = {
				CODE_SIGN_STYLE = Automatic;
				CURRENT_PROJECT_VERSION = 1;
				DEVELOPMENT_TEAM = 7TCA8A4872;
				GENERATE_INFOPLIST_FILE = YES;
				MARKETING_VERSION = 1.0;
				PRODUCT_BUNDLE_IDENTIFIER = io.agibalov.ScreenshotsExperimentUITests;
				PRODUCT_NAME = "$(TARGET_NAME)";
				SWIFT_EMIT_LOC_STRINGS = NO;
				SWIFT_VERSION = 5.0;
				TARGETED_DEVICE_FAMILY = "1,2";
				TEST_TARGET_NAME = ScreenshotsExperiment;
			};
			name = Release;
		};
/* End XCBuildConfiguration section */

/* Begin XCConfigurationList section */
		5D4923AA2CD1A47500D669C4 /* Build configuration list for PBXProject "ScreenshotsExperiment" */ = {
			isa = XCConfigurationList;
			buildConfigurations = (
				5D4923D12CD1A47800D669C4 /* Debug */,
				5D4923D22CD1A47800D669C4 /* Release */,
			);
			defaultConfigurationIsVisible = 0;
			defaultConfigurationName = Release;
		};
		5D4923D32CD1A47800D669C4 /* Build configuration list for PBXNativeTarget "ScreenshotsExperiment" */ = {
			isa = XCConfigurationList;
			buildConfigurations = (
				5D4923D42CD1A47800D669C4 /* Debug */,
				5D4923D52CD1A47800D669C4 /* Release */,
			);
			defaultConfigurationIsVisible = 0;
			defaultConfigurationName = Release;
		};
		5D4923D62CD1A47800D669C4 /* Build configuration list for PBXNativeTarget "ScreenshotsExperimentTests" */ = {
			isa = XCConfigurationList;
			buildConfigurations = (
				5D4923D72CD1A47800D669C4 /* Debug */,
				5D4923D82CD1A47800D669C4 /* Release */,
			);
			defaultConfigurationIsVisible = 0;
			defaultConfigurationName = Release;
		};
		5D4923D92CD1A47800D669C4 /* Build configuration list for PBXNativeTarget "ScreenshotsExperimentUITests" */ = {
			isa = XCConfigurationList;
			buildConfigurations = (
				5D4923DA2CD1A47800D669C4 /* Debug */,
				5D4923DB2CD1A47800D669C4 /* Release */,
			);
			defaultConfigurationIsVisible = 0;
			defaultConfigurationName = Release;
		};
/* End XCConfigurationList section */
	};
	rootObject = 5D4923A72CD1A47500D669C4 /* Project object */;
}
